// !$*UTF8*$!
{
	archiveVersion = 1;
	classes = {
	};
	objectVersion = 48;
	objects = {

/* Begin PBXBuildFile section */
		5E507E22201BC7FA0043F4BD /* AppDelegate.swift in Sources */ = {isa = PBXBuildFile; fileRef = 5E507E21201BC7FA0043F4BD /* AppDelegate.swift */; };
		5E507E24201BC7FA0043F4BD /* ViewController.swift in Sources */ = {isa = PBXBuildFile; fileRef = 5E507E23201BC7FA0043F4BD /* ViewController.swift */; };
		5E507E27201BC7FA0043F4BD /* Main.storyboard in Resources */ = {isa = PBXBuildFile; fileRef = 5E507E25201BC7FA0043F4BD /* Main.storyboard */; };
		5E507E29201BC7FA0043F4BD /* Assets.xcassets in Resources */ = {isa = PBXBuildFile; fileRef = 5E507E28201BC7FA0043F4BD /* Assets.xcassets */; };
		5E507E2C201BC7FA0043F4BD /* LaunchScreen.storyboard in Resources */ = {isa = PBXBuildFile; fileRef = 5E507E2A201BC7FA0043F4BD /* LaunchScreen.storyboard */; };
		5E507E34201BCBF80043F4BD /* PageViewController.swift in Sources */ = {isa = PBXBuildFile; fileRef = 5E507E33201BCBF80043F4BD /* PageViewController.swift */; };
/* End PBXBuildFile section */

/* Begin PBXFileReference section */
		5E507E1E201BC7FA0043F4BD /* TestPageViewController.app */ = {isa = PBXFileReference; explicitFileType = wrapper.application; includeInIndex = 0; path = TestPageViewController.app; sourceTree = BUILT_PRODUCTS_DIR; };
		5E507E21201BC7FA0043F4BD /* AppDelegate.swift */ = {isa = PBXFileReference; lastKnownFileType = sourcecode.swift; path = AppDelegate.swift; sourceTree = "<group>"; };
		5E507E23201BC7FA0043F4BD /* ViewController.swift */ = {isa = PBXFileReference; lastKnownFileType = sourcecode.swift; path = ViewController.swift; sourceTree = "<group>"; };
		5E507E26201BC7FA0043F4BD /* Base */ = {isa = PBXFileReference; lastKnownFileType = file.storyboard; name = Base; path = Base.lproj/Main.storyboard; sourceTree = "<group>"; };
		5E507E28201BC7FA0043F4BD /* Assets.xcassets */ = {isa = PBXFileReference; lastKnownFileType = folder.assetcatalog; path = Assets.xcassets; sourceTree = "<group>"; };
		5E507E2B201BC7FA0043F4BD /* Base */ = {isa = PBXFileReference; lastKnownFileType = file.storyboard; name = Base; path = Base.lproj/LaunchScreen.storyboard; sourceTree = "<group>"; };
		5E507E2D201BC7FA0043F4BD /* Info.plist */ = {isa = PBXFileReference; lastKnownFileType = text.plist.xml; path = Info.plist; sourceTree = "<group>"; };
		5E507E33201BCBF80043F4BD /* PageViewController.swift */ = {isa = PBXFileReference; lastKnownFileType = sourcecode.swift; path = PageViewController.swift; sourceTree = "<group>"; };
/* End PBXFileReference section */

/* Begin PBXFrameworksBuildPhase section */
		5E507E1B201BC7FA0043F4BD /* Frameworks */ = {
			isa = PBXFrameworksBuildPhase;
			buildActionMask = 2147483647;
			files = (
			);
			runOnlyForDeploymentPostprocessing = 0;
		};
/* End PBXFrameworksBuildPhase section */

/* Begin PBXGroup section */
		5E507E15201BC7FA0043F4BD = {
			isa = PBXGroup;
			children = (
				5E507E20201BC7FA0043F4BD /* TestPageViewController */,
				5E507E1F201BC7FA0043F4BD /* Products */,
			);
			sourceTree = "<group>";
		};
		5E507E1F201BC7FA0043F4BD /* Products */ = {
			isa = PBXGroup;
			children = (
				5E507E1E201BC7FA0043F4BD /* TestPageViewController.app */,
			);
			name = Products;
			sourceTree = "<group>";
		};
		5E507E20201BC7FA0043F4BD /* TestPageViewController */ = {
			isa = PBXGroup;
			children = (
				5E507E21201BC7FA0043F4BD /* AppDelegate.swift */,
				5E507E23201BC7FA0043F4BD /* ViewController.swift */,
				5E507E33201BCBF80043F4BD /* PageViewController.swift */,
				5E507E25201BC7FA0043F4BD /* Main.storyboard */,
				5E507E28201BC7FA0043F4BD /* Assets.xcassets */,
				5E507E2A201BC7FA0043F4BD /* LaunchScreen.storyboard */,
				5E507E2D201BC7FA0043F4BD /* Info.plist */,
			);
			path = TestPageViewController;
			sourceTree = "<group>";
		};
/* End PBXGroup section */

/* Begin PBXNativeTarget section */
		5E507E1D201BC7FA0043F4BD /* TestPageViewController */ = {
			isa = PBXNativeTarget;
			buildConfigurationList = 5E507E30201BC7FA0043F4BD /* Build configuration list for PBXNativeTarget "TestPageViewController" */;
			buildPhases = (
				5E507E1A201BC7FA0043F4BD /* Sources */,
				5E507E1B201BC7FA0043F4BD /* Frameworks */,
				5E507E1C201BC7FA0043F4BD /* Resources */,
			);
			buildRules = (
			);
			dependencies = (
			);
			name = TestPageViewController;
			productName = TestPageViewController;
			productReference = 5E507E1E201BC7FA0043F4BD /* TestPageViewController.app */;
			productType = "com.apple.product-type.application";
		};
/* End PBXNativeTarget section */

/* Begin PBXProject section */
		5E507E16201BC7FA0043F4BD /* Project object */ = {
			isa = PBXProject;
			attributes = {
				LastSwiftUpdateCheck = 0920;
				LastUpgradeCheck = 0920;
				ORGANIZATIONNAME = aguilarpgc;
				TargetAttributes = {
					5E507E1D201BC7FA0043F4BD = {
						CreatedOnToolsVersion = 9.2;
						ProvisioningStyle = Automatic;
					};
				};
			};
			buildConfigurationList = 5E507E19201BC7FA0043F4BD /* Build configuration list for PBXProject "TestPageViewController" */;
			compatibilityVersion = "Xcode 8.0";
			developmentRegion = en;
			hasScannedForEncodings = 0;
			knownRegions = (
				en,
				Base,
			);
			mainGroup = 5E507E15201BC7FA0043F4BD;
			productRefGroup = 5E507E1F201BC7FA0043F4BD /* Products */;
			projectDirPath = "";
			projectRoot = "";
			targets = (
				5E507E1D201BC7FA0043F4BD /* TestPageViewController */,
			);
		};
/* End PBXProject section */

/* Begin PBXResourcesBuildPhase section */
		5E507E1C201BC7FA0043F4BD /* Resources */ = {
			isa = PBXResourcesBuildPhase;
			buildActionMask = 2147483647;
			files = (
				5E507E2C201BC7FA0043F4BD /* LaunchScreen.storyboard in Resources */,
				5E507E29201BC7FA0043F4BD /* Assets.xcassets in Resources */,
				5E507E27201BC7FA0043F4BD /* Main.storyboard in Resources */,
			);
			runOnlyForDeploymentPostprocessing = 0;
		};
/* End PBXResourcesBuildPhase section */

/* Begin PBXSourcesBuildPhase section */
		5E507E1A201BC7FA0043F4BD /* Sources */ = {
			isa = PBXSourcesBuildPhase;
			buildActionMask = 2147483647;
			files = (
				5E507E34201BCBF80043F4BD /* PageViewController.swift in Sources */,
				5E507E24201BC7FA0043F4BD /* ViewController.swift in Sources */,
				5E507E22201BC7FA0043F4BD /* AppDelegate.swift in Sources */,
			);
			runOnlyForDeploymentPostprocessing = 0;
		};
/* End PBXSourcesBuildPhase section */

/* Begin PBXVariantGroup section */
		5E507E25201BC7FA0043F4BD /* Main.storyboard */ = {
			isa = PBXVariantGroup;
			children = (
				5E507E26201BC7FA0043F4BD /* Base */,
			);
			name = Main.storyboard;
			sourceTree = "<group>";
		};
		5E507E2A201BC7FA0043F4BD /* LaunchScreen.storyboard */ = {
			isa = PBXVariantGroup;
			children = (
				5E507E2B201BC7FA0043F4BD /* Base */,
			);
			name = LaunchScreen.storyboard;
			sourceTree = "<group>";
		};
/* End PBXVariantGroup section */

/* Begin XCBuildConfiguration section */
		5E507E2E201BC7FA0043F4BD /* Debug */ = {
			isa = XCBuildConfiguration;
			buildSettings = {
				ALWAYS_SEARCH_USER_PATHS = NO;
				CLANG_ANALYZER_NONNULL = YES;
				CLANG_ANALYZER_NUMBER_OBJECT_CONVERSION = YES_AGGRESSIVE;
				CLANG_CXX_LANGUAGE_STANDARD = "gnu++14";
				CLANG_CXX_LIBRARY = "libc++";
				CLANG_ENABLE_MODULES = YES;
				CLANG_ENABLE_OBJC_ARC = YES;
				CLANG_WARN_BLOCK_CAPTURE_AUTORELEASING = YES;
				CLANG_WARN_BOOL_CONVERSION = YES;
				CLANG_WARN_COMMA = YES;
				CLANG_WARN_CONSTANT_CONVERSION = YES;
				CLANG_WARN_DIRECT_OBJC_ISA_USAGE = YES_ERROR;
				CLANG_WARN_DOCUMENTATION_COMMENTS = YES;
				CLANG_WARN_EMPTY_BODY = YES;
				CLANG_WARN_ENUM_CONVERSION = YES;
				CLANG_WARN_INFINITE_RECURSION = YES;
				CLANG_WARN_INT_CONVERSION = YES;
				CLANG_WARN_NON_LITERAL_NULL_CONVERSION = YES;
				CLANG_WARN_OBJC_LITERAL_CONVERSION = YES;
				CLANG_WARN_OBJC_ROOT_CLASS = YES_ERROR;
				CLANG_WARN_RANGE_LOOP_ANALYSIS = YES;
				CLANG_WARN_STRICT_PROTOTYPES = YES;
				CLANG_WARN_SUSPICIOUS_MOVE = YES;
				CLANG_WARN_UNGUARDED_AVAILABILITY = YES_AGGRESSIVE;
				CLANG_WARN_UNREACHABLE_CODE = YES;
				CLANG_WARN__DUPLICATE_METHOD_MATCH = YES;
				CODE_SIGN_IDENTITY = "iPhone Developer";
				COPY_PHASE_STRIP = NO;
				DEBUG_INFORMATION_FORMAT = dwarf;
				ENABLE_STRICT_OBJC_MSGSEND = YES;
				ENABLE_TESTABILITY = YES;
				GCC_C_LANGUAGE_STANDARD = gnu11;
				GCC_DYNAMIC_NO_PIC = NO;
				GCC_NO_COMMON_BLOCKS = YES;
				GCC_OPTIMIZATION_LEVEL = 0;
				GCC_PREPROCESSOR_DEFINITIONS = (
					"DEBUG=1",
					"$(inherited)",
				);
				GCC_WARN_64_TO_32_BIT_CONVERSION = YES;
				GCC_WARN_ABOUT_RETURN_TYPE = YES_ERROR;
				GCC_WARN_UNDECLARED_SELECTOR = YES;
				GCC_WARN_UNINITIALIZED_AUTOS = YES_AGGRESSIVE;
				GCC_WARN_UNUSED_FUNCTION = YES;
				GCC_WARN_UNUSED_VARIABLE = YES;
				IPHONEOS_DEPLOYMENT_TARGET = 11.2;
				MTL_ENABLE_DEBUG_INFO = YES;
				ONLY_ACTIVE_ARCH = YES;
				SDKROOT = iphoneos;
				SWIFT_ACTIVE_COMPILATION_CONDITIONS = DEBUG;
				SWIFT_OPTIMIZATION_LEVEL = "-Onone";
			};
			name = Debug;
		};
		5E507E2F201BC7FA0043F4BD /* Release */ = {
			isa = XCBuildConfiguration;
			buildSettings = {
				ALWAYS_SEARCH_USER_PATHS = NO;
				CLANG_ANALYZER_NONNULL = YES;
				CLANG_ANALYZER_NUMBER_OBJECT_CONVERSION = YES_AGGRESSIVE;
				CLANG_CXX_LANGUAGE_STANDARD = "gnu++14";
				CLANG_CXX_LIBRARY = "libc++";
				CLANG_ENABLE_MODULES = YES;
				CLANG_ENABLE_OBJC_ARC = YES;
				CLANG_WARN_BLOCK_CAPTURE_AUTORELEASING = YES;
				CLANG_WARN_BOOL_CONVERSION = YES;
				CLANG_WARN_COMMA = YES;
				CLANG_WARN_CONSTANT_CONVERSION = YES;
				CLANG_WARN_DIRECT_OBJC_ISA_USAGE = YES_ERROR;
				CLANG_WARN_DOCUMENTATION_COMMENTS = YES;
				CLANG_WARN_EMPTY_BODY = YES;
				CLANG_WARN_ENUM_CONVERSION = YES;
				CLANG_WARN_INFINITE_RECURSION = YES;
				CLANG_WARN_INT_CONVERSION = YES;
				CLANG_WARN_NON_LITERAL_NULL_CONVERSION = YES;
				CLANG_WARN_OBJC_LITERAL_CONVERSION = YES;
				CLANG_WARN_OBJC_ROOT_CLASS = YES_ERROR;
				CLANG_WARN_RANGE_LOOP_ANALYSIS = YES;
				CLANG_WARN_STRICT_PROTOTYPES = YES;
				CLANG_WARN_SUSPICIOUS_MOVE = YES;
				CLANG_WARN_UNGUARDED_AVAILABILITY = YES_AGGRESSIVE;
				CLANG_WARN_UNREACHABLE_CODE = YES;
				CLANG_WARN__DUPLICATE_METHOD_MATCH = YES;
				CODE_SIGN_IDENTITY = "iPhone Developer";
				COPY_PHASE_STRIP = NO;
				DEBUG_INFORMATION_FORMAT = "dwarf-with-dsym";
				ENABLE_NS_ASSERTIONS = NO;
				ENABLE_STRICT_OBJC_MSGSEND = YES;
				GCC_C_LANGUAGE_STANDARD = gnu11;
				GCC_NO_COMMON_BLOCKS = YES;
				GCC_WARN_64_TO_32_BIT_CONVERSION = YES;
				GCC_WARN_ABOUT_RETURN_TYPE = YES_ERROR;
				GCC_WARN_UNDECLARED_SELECTOR = YES;
				GCC_WARN_UNINITIALIZED_AUTOS = YES_AGGRESSIVE;
				GCC_WARN_UNUSED_FUNCTION = YES;
				GCC_WARN_UNUSED_VARIABLE = YES;
				IPHONEOS_DEPLOYMENT_TARGET = 11.2;
				MTL_ENABLE_DEBUG_INFO = NO;
				SDKROOT = iphoneos;
				SWIFT_OPTIMIZATION_LEVEL = "-Owholemodule";
				VALIDATE_PRODUCT = YES;
			};
			name = Release;
		};
		5E507E31201BC7FA0043F4BD /* Debug */ = {
			isa = XCBuildConfiguration;
			buildSettings = {
				ASSETCATALOG_COMPILER_APPICON_NAME = AppIcon;
				CODE_SIGN_STYLE = Automatic;
				DEVELOPMENT_TEAM = F53VDDUPLX;
				INFOPLIST_FILE = TestPageViewController/Info.plist;
				LD_RUNPATH_SEARCH_PATHS = "$(inherited) @executable_path/Frameworks";
				PRODUCT_BUNDLE_IDENTIFIER = com.aguilarpgc.TestPageViewController;
				PRODUCT_NAME = "$(TARGET_NAME)";
				SWIFT_VERSION = 4.0;
				TARGETED_DEVICE_FAMILY = "1,2";
			};
			name = Debug;
		};
		5E507E32201BC7FA0043F4BD /* Release */ = {
			isa = XCBuildConfiguration;
			buildSettings = {
				ASSETCATALOG_COMPILER_APPICON_NAME = AppIcon;
				CODE_SIGN_STYLE = Automatic;
				DEVELOPMENT_TEAM = F53VDDUPLX;
				INFOPLIST_FILE = TestPageViewController/Info.plist;
				LD_RUNPATH_SEARCH_PATHS = "$(inherited) @executable_path/Frameworks";
				PRODUCT_BUNDLE_IDENTIFIER = com.aguilarpgc.TestPageViewController;
				PRODUCT_NAME = "$(TARGET_NAME)";
				SWIFT_VERSION = 4.0;
				TARGETED_DEVICE_FAMILY = "1,2";
			};
			name = Release;
		};
/* End XCBuildConfiguration section */

/* Begin XCConfigurationList section */
		5E507E19201BC7FA0043F4BD /* Build configuration list for PBXProject "TestPageViewController" */ = {
			isa = XCConfigurationList;
			buildConfigurations = (
				5E507E2E201BC7FA0043F4BD /* Debug */,
				5E507E2F201BC7FA0043F4BD /* Release */,
			);
			defaultConfigurationIsVisible = 0;
			defaultConfigurationName = Release;
		};
		5E507E30201BC7FA0043F4BD /* Build configuration list for PBXNativeTarget "TestPageViewController" */ = {
			isa = XCConfigurationList;
			buildConfigurations = (
				5E507E31201BC7FA0043F4BD /* Debug */,
				5E507E32201BC7FA0043F4BD /* Release */,
			);
			defaultConfigurationIsVisible = 0;
			defaultConfigurationName = Release;
		};
/* End XCConfigurationList section */
	};
	rootObject = 5E507E16201BC7FA0043F4BD /* Project object */;
}
